
Microsoft Visual Studio Solution File, Format Version 12.00
# Visual Studio Version 16
VisualStudioVersion = 16.0.34114.132
MinimumVisualStudioVersion = 10.0.40219.1
Project("{F184B08F-C81C-45F6-A57F-5ABD9991F28F}") = "sisventas", "sisventas\sisventas.vbproj", "{3AB81B8A-0CE0-4900-9D9E-232C9FEB02E8}"
EndProject
Global
	GlobalSection(SolutionConfigurationPlatforms) = preSolution
		Debug|Any CPU = Debug|Any CPU
		Release|Any CPU = Release|Any CPU
	EndGlobalSection
	GlobalSection(ProjectConfigurationPlatforms) = postSolution
		{3AB81B8A-0CE0-4900-9D9E-232C9FEB02E8}.Debug|Any CPU.ActiveCfg = Debug|Any CPU
		{3AB81B8A-0CE0-4900-9D9E-232C9FEB02E8}.Debug|Any CPU.Build.0 = Debug|Any CPU
		{3AB81B8A-0CE0-4900-9D9E-232C9FEB02E8}.Release|Any CPU.ActiveCfg = Release|Any CPU
		{3AB81B8A-0CE0-4900-9D9E-232C9FEB02E8}.Release|Any CPU.Build.0 = Release|Any CPU
	EndGlobalSection
	GlobalSection(SolutionProperties) = preSolution
		HideSolutionNode = FALSE
	EndGlobalSection
	GlobalSection(ExtensibilityGlobals) = postSolution
		SolutionGuid = {6A5A01CB-2A20-4518-8120-641941A27425}
	EndGlobalSection
EndGlobal
